
Microsoft Visual Studio Solution File, Format Version 12.00
# Visual Studio Version 16
VisualStudioVersion = 16.0.30907.101
MinimumVisualStudioVersion = 10.0.40219.1
Project("{FAE04EC0-301F-11D3-BF4B-00C04F79EFBC}") = "APPEX1.Android", "APPEX1\APPEX1.Android\APPEX1.Android.csproj", "{0ACA04CA-B52B-4D73-8391-58A5486583E7}"
EndProject
Project("{FAE04EC0-301F-11D3-BF4B-00C04F79EFBC}") = "APPEX1.iOS", "APPEX1\APPEX1.iOS\APPEX1.iOS.csproj", "{36CF037F-7F1E-4C42-B426-1AA16E50AAAE}"
EndProject
Project("{FAE04EC0-301F-11D3-BF4B-00C04F79EFBC}") = "APPEX1", "APPEX1\APPEX1\APPEX1.csproj", "{DD33D8AC-C639-46EA-B7A0-5F4F27967CC4}"
EndProject
Global
	GlobalSection(SolutionConfigurationPlatforms) = preSolution
		Debug|Any CPU = Debug|Any CPU
		Debug|iPhone = Debug|iPhone
		Debug|iPhoneSimulator = Debug|iPhoneSimulator
		Release|Any CPU = Release|Any CPU
		Release|iPhone = Release|iPhone
		Release|iPhoneSimulator = Release|iPhoneSimulator
	EndGlobalSection
	GlobalSection(ProjectConfigurationPlatforms) = postSolution
		{0ACA04CA-B52B-4D73-8391-58A5486583E7}.Debug|Any CPU.ActiveCfg = Debug|Any CPU
		{0ACA04CA-B52B-4D73-8391-58A5486583E7}.Debug|Any CPU.Build.0 = Debug|Any CPU
		{0ACA04CA-B52B-4D73-8391-58A5486583E7}.Debug|Any CPU.Deploy.0 = Debug|Any CPU
		{0ACA04CA-B52B-4D73-8391-58A5486583E7}.Debug|iPhone.ActiveCfg = Debug|Any CPU
		{0ACA04CA-B52B-4D73-8391-58A5486583E7}.Debug|iPhone.Build.0 = Debug|Any CPU
		{0ACA04CA-B52B-4D73-8391-58A5486583E7}.Debug|iPhone.Deploy.0 = Debug|Any CPU
		{0ACA04CA-B52B-4D73-8391-58A5486583E7}.Debug|iPhoneSimulator.ActiveCfg = Debug|Any CPU
		{0ACA04CA-B52B-4D73-8391-58A5486583E7}.Debug|iPhoneSimulator.Build.0 = Debug|Any CPU
		{0ACA04CA-B52B-4D73-8391-58A5486583E7}.Debug|iPhoneSimulator.Deploy.0 = Debug|Any CPU
		{0ACA04CA-B52B-4D73-8391-58A5486583E7}.Release|Any CPU.ActiveCfg = Release|Any CPU
		{0ACA04CA-B52B-4D73-8391-58A5486583E7}.Release|Any CPU.Build.0 = Release|Any CPU
		{0ACA04CA-B52B-4D73-8391-58A5486583E7}.Release|Any CPU.Deploy.0 = Release|Any CPU
		{0ACA04CA-B52B-4D73-8391-58A5486583E7}.Release|iPhone.ActiveCfg = Release|Any CPU
		{0ACA04CA-B52B-4D73-8391-58A5486583E7}.Release|iPhone.Build.0 = Release|Any CPU
		{0ACA04CA-B52B-4D73-8391-58A5486583E7}.Release|iPhone.Deploy.0 = Release|Any CPU
		{0ACA04CA-B52B-4D73-8391-58A5486583E7}.Release|iPhoneSimulator.ActiveCfg = Release|Any CPU
		{0ACA04CA-B52B-4D73-8391-58A5486583E7}.Release|iPhoneSimulator.Build.0 = Release|Any CPU
		{0ACA04CA-B52B-4D73-8391-58A5486583E7}.Release|iPhoneSimulator.Deploy.0 = Release|Any CPU
		{36CF037F-7F1E-4C42-B426-1AA16E50AAAE}.Debug|Any CPU.ActiveCfg = Debug|iPhone
		{36CF037F-7F1E-4C42-B426-1AA16E50AAAE}.Debug|Any CPU.Build.0 = Debug|iPhone
		{36CF037F-7F1E-4C42-B426-1AA16E50AAAE}.Debug|Any CPU.Deploy.0 = Debug|iPhone
		{36CF037F-7F1E-4C42-B426-1AA16E50AAAE}.Debug|iPhone.ActiveCfg = Debug|iPhone
		{36CF037F-7F1E-4C42-B426-1AA16E50AAAE}.Debug|iPhone.Build.0 = Debug|iPhone
		{36CF037F-7F1E-4C42-B426-1AA16E50AAAE}.Debug|iPhone.Deploy.0 = Debug|iPhone
		{36CF037F-7F1E-4C42-B426-1AA16E50AAAE}.Debug|iPhoneSimulator.ActiveCfg = Debug|iPhoneSimulator
		{36CF037F-7F1E-4C42-B426-1AA16E50AAAE}.Debug|iPhoneSimulator.Build.0 = Debug|iPhoneSimulator
		{36CF037F-7F1E-4C42-B426-1AA16E50AAAE}.Debug|iPhoneSimulator.Deploy.0 = Debug|iPhoneSimulator
		{36CF037F-7F1E-4C42-B426-1AA16E50AAAE}.Release|Any CPU.ActiveCfg = Release|iPhoneSimulator
		{36CF037F-7F1E-4C42-B426-1AA16E50AAAE}.Release|Any CPU.Build.0 = Release|iPhoneSimulator
		{36CF037F-7F1E-4C42-B426-1AA16E50AAAE}.Release|Any CPU.Deploy.0 = Release|iPhoneSimulator
		{36CF037F-7F1E-4C42-B426-1AA16E50AAAE}.Release|iPhone.ActiveCfg = Release|iPhone
		{36CF037F-7F1E-4C42-B426-1AA16E50AAAE}.Release|iPhone.Build.0 = Release|iPhone
		{36CF037F-7F1E-4C42-B426-1AA16E50AAAE}.Release|iPhone.Deploy.0 = Release|iPhone
		{36CF037F-7F1E-4C42-B426-1AA16E50AAAE}.Release|iPhoneSimulator.ActiveCfg = Release|iPhoneSimulator
		{36CF037F-7F1E-4C42-B426-1AA16E50AAAE}.Release|iPhoneSimulator.Build.0 = Release|iPhoneSimulator
		{36CF037F-7F1E-4C42-B426-1AA16E50AAAE}.Release|iPhoneSimulator.Deploy.0 = Release|iPhoneSimulator
		{DD33D8AC-C639-46EA-B7A0-5F4F27967CC4}.Debug|Any CPU.ActiveCfg = Debug|Any CPU
		{DD33D8AC-C639-46EA-B7A0-5F4F27967CC4}.Debug|Any CPU.Build.0 = Debug|Any CPU
		{DD33D8AC-C639-46EA-B7A0-5F4F27967CC4}.Debug|Any CPU.Deploy.0 = Debug|Any CPU
		{DD33D8AC-C639-46EA-B7A0-5F4F27967CC4}.Debug|iPhone.ActiveCfg = Debug|Any CPU
		{DD33D8AC-C639-46EA-B7A0-5F4F27967CC4}.Debug|iPhone.Build.0 = Debug|Any CPU
		{DD33D8AC-C639-46EA-B7A0-5F4F27967CC4}.Debug|iPhone.Deploy.0 = Debug|Any CPU
		{DD33D8AC-C639-46EA-B7A0-5F4F27967CC4}.Debug|iPhoneSimulator.ActiveCfg = Debug|Any CPU
		{DD33D8AC-C639-46EA-B7A0-5F4F27967CC4}.Debug|iPhoneSimulator.Build.0 = Debug|Any CPU
		{DD33D8AC-C639-46EA-B7A0-5F4F27967CC4}.Debug|iPhoneSimulator.Deploy.0 = Debug|Any CPU
		{DD33D8AC-C639-46EA-B7A0-5F4F27967CC4}.Release|Any CPU.ActiveCfg = Release|Any CPU
		{DD33D8AC-C639-46EA-B7A0-5F4F27967CC4}.Release|Any CPU.Build.0 = Release|Any CPU
		{DD33D8AC-C639-46EA-B7A0-5F4F27967CC4}.Release|Any CPU.Deploy.0 = Release|Any CPU
		{DD33D8AC-C639-46EA-B7A0-5F4F27967CC4}.Release|iPhone.ActiveCfg = Release|Any CPU
		{DD33D8AC-C639-46EA-B7A0-5F4F27967CC4}.Release|iPhone.Build.0 = Release|Any CPU
		{DD33D8AC-C639-46EA-B7A0-5F4F27967CC4}.Release|iPhone.Deploy.0 = Release|Any CPU
		{DD33D8AC-C639-46EA-B7A0-5F4F27967CC4}.Release|iPhoneSimulator.ActiveCfg = Release|Any CPU
		{DD33D8AC-C639-46EA-B7A0-5F4F27967CC4}.Release|iPhoneSimulator.Build.0 = Release|Any CPU
		{DD33D8AC-C639-46EA-B7A0-5F4F27967CC4}.Release|iPhoneSimulator.Deploy.0 = Release|Any CPU
	EndGlobalSection
	GlobalSection(SolutionProperties) = preSolution
		HideSolutionNode = FALSE
	EndGlobalSection
	GlobalSection(ExtensibilityGlobals) = postSolution
		SolutionGuid = {013A4AAB-9CB9-4052-8D5E-B431FDA00AE7}
	EndGlobalSection
EndGlobal
